// !$*UTF8*$!
{
	archiveVersion = 1;
	classes = {
	};
	objectVersion = 50;
	objects = {

/* Begin PBXBuildFile section */
		01A52EE82245057E002982CF /* MainScreenController.swift in Sources */ = {isa = PBXBuildFile; fileRef = 01A52EE72245057E002982CF /* MainScreenController.swift */; };
		01A829DF22438F0B00D89105 /* AppDelegate.swift in Sources */ = {isa = PBXBuildFile; fileRef = 01A829DE22438F0B00D89105 /* AppDelegate.swift */; };
		01A829E122438F0B00D89105 /* ViewController.swift in Sources */ = {isa = PBXBuildFile; fileRef = 01A829E022438F0B00D89105 /* ViewController.swift */; };
		01A829E422438F0B00D89105 /* Main.storyboard in Resources */ = {isa = PBXBuildFile; fileRef = 01A829E222438F0B00D89105 /* Main.storyboard */; };
		01A829E622438F0D00D89105 /* Assets.xcassets in Resources */ = {isa = PBXBuildFile; fileRef = 01A829E522438F0D00D89105 /* Assets.xcassets */; };
		01A829E922438F0D00D89105 /* LaunchScreen.storyboard in Resources */ = {isa = PBXBuildFile; fileRef = 01A829E722438F0D00D89105 /* LaunchScreen.storyboard */; };
		01A829F422438F0D00D89105 /* ElvisTests.swift in Sources */ = {isa = PBXBuildFile; fileRef = 01A829F322438F0D00D89105 /* ElvisTests.swift */; };
		01A829FF22438F0D00D89105 /* ElvisUITests.swift in Sources */ = {isa = PBXBuildFile; fileRef = 01A829FE22438F0D00D89105 /* ElvisUITests.swift */; };
		01A82A0D2243964300D89105 /* DesignableView.swift in Sources */ = {isa = PBXBuildFile; fileRef = 01A82A0C2243964300D89105 /* DesignableView.swift */; };
/* End PBXBuildFile section */

/* Begin PBXContainerItemProxy section */
		01A829F022438F0D00D89105 /* PBXContainerItemProxy */ = {
			isa = PBXContainerItemProxy;
			containerPortal = 01A829D322438F0B00D89105 /* Project object */;
			proxyType = 1;
			remoteGlobalIDString = 01A829DA22438F0B00D89105;
			remoteInfo = Elvis;
		};
		01A829FB22438F0D00D89105 /* PBXContainerItemProxy */ = {
			isa = PBXContainerItemProxy;
			containerPortal = 01A829D322438F0B00D89105 /* Project object */;
			proxyType = 1;
			remoteGlobalIDString = 01A829DA22438F0B00D89105;
			remoteInfo = Elvis;
		};
/* End PBXContainerItemProxy section */

/* Begin PBXFileReference section */
		01A52EE72245057E002982CF /* MainScreenController.swift */ = {isa = PBXFileReference; lastKnownFileType = sourcecode.swift; path = MainScreenController.swift; sourceTree = "<group>"; };
		01A829DB22438F0B00D89105 /* Elvis.app */ = {isa = PBXFileReference; explicitFileType = wrapper.application; includeInIndex = 0; path = Elvis.app; sourceTree = BUILT_PRODUCTS_DIR; };
		01A829DE22438F0B00D89105 /* AppDelegate.swift */ = {isa = PBXFileReference; lastKnownFileType = sourcecode.swift; path = AppDelegate.swift; sourceTree = "<group>"; };
		01A829E022438F0B00D89105 /* ViewController.swift */ = {isa = PBXFileReference; lastKnownFileType = sourcecode.swift; path = ViewController.swift; sourceTree = "<group>"; };
		01A829E322438F0B00D89105 /* Base */ = {isa = PBXFileReference; lastKnownFileType = file.storyboard; name = Base; path = Base.lproj/Main.storyboard; sourceTree = "<group>"; };
		01A829E522438F0D00D89105 /* Assets.xcassets */ = {isa = PBXFileReference; lastKnownFileType = folder.assetcatalog; path = Assets.xcassets; sourceTree = "<group>"; };
		01A829E822438F0D00D89105 /* Base */ = {isa = PBXFileReference; lastKnownFileType = file.storyboard; name = Base; path = Base.lproj/LaunchScreen.storyboard; sourceTree = "<group>"; };
		01A829EA22438F0D00D89105 /* Info.plist */ = {isa = PBXFileReference; lastKnownFileType = text.plist.xml; path = Info.plist; sourceTree = "<group>"; };
		01A829EF22438F0D00D89105 /* ElvisTests.xctest */ = {isa = PBXFileReference; explicitFileType = wrapper.cfbundle; includeInIndex = 0; path = ElvisTests.xctest; sourceTree = BUILT_PRODUCTS_DIR; };
		01A829F322438F0D00D89105 /* ElvisTests.swift */ = {isa = PBXFileReference; lastKnownFileType = sourcecode.swift; path = ElvisTests.swift; sourceTree = "<group>"; };
		01A829F522438F0D00D89105 /* Info.plist */ = {isa = PBXFileReference; lastKnownFileType = text.plist.xml; path = Info.plist; sourceTree = "<group>"; };
		01A829FA22438F0D00D89105 /* ElvisUITests.xctest */ = {isa = PBXFileReference; explicitFileType = wrapper.cfbundle; includeInIndex = 0; path = ElvisUITests.xctest; sourceTree = BUILT_PRODUCTS_DIR; };
		01A829FE22438F0D00D89105 /* ElvisUITests.swift */ = {isa = PBXFileReference; lastKnownFileType = sourcecode.swift; path = ElvisUITests.swift; sourceTree = "<group>"; };
		01A82A0022438F0D00D89105 /* Info.plist */ = {isa = PBXFileReference; lastKnownFileType = text.plist.xml; path = Info.plist; sourceTree = "<group>"; };
		01A82A0C2243964300D89105 /* DesignableView.swift */ = {isa = PBXFileReference; lastKnownFileType = sourcecode.swift; path = DesignableView.swift; sourceTree = "<group>"; };
/* End PBXFileReference section */

/* Begin PBXFrameworksBuildPhase section */
		01A829D822438F0B00D89105 /* Frameworks */ = {
			isa = PBXFrameworksBuildPhase;
			buildActionMask = 2147483647;
			files = (
			);
			runOnlyForDeploymentPostprocessing = 0;
		};
		01A829EC22438F0D00D89105 /* Frameworks */ = {
			isa = PBXFrameworksBuildPhase;
			buildActionMask = 2147483647;
			files = (
			);
			runOnlyForDeploymentPostprocessing = 0;
		};
		01A829F722438F0D00D89105 /* Frameworks */ = {
			isa = PBXFrameworksBuildPhase;
			buildActionMask = 2147483647;
			files = (
			);
			runOnlyForDeploymentPostprocessing = 0;
		};
/* End PBXFrameworksBuildPhase section */

/* Begin PBXGroup section */
		01A829D222438F0B00D89105 = {
			isa = PBXGroup;
			children = (
				01A829DD22438F0B00D89105 /* Elvis */,
				01A829F222438F0D00D89105 /* ElvisTests */,
				01A829FD22438F0D00D89105 /* ElvisUITests */,
				01A829DC22438F0B00D89105 /* Products */,
			);
			sourceTree = "<group>";
		};
		01A829DC22438F0B00D89105 /* Products */ = {
			isa = PBXGroup;
			children = (
				01A829DB22438F0B00D89105 /* Elvis.app */,
				01A829EF22438F0D00D89105 /* ElvisTests.xctest */,
				01A829FA22438F0D00D89105 /* ElvisUITests.xctest */,
			);
			name = Products;
			sourceTree = "<group>";
		};
		01A829DD22438F0B00D89105 /* Elvis */ = {
			isa = PBXGroup;
			children = (
				01A829DE22438F0B00D89105 /* AppDelegate.swift */,
				01A829E022438F0B00D89105 /* ViewController.swift */,
				01A829E222438F0B00D89105 /* Main.storyboard */,
				01A829E522438F0D00D89105 /* Assets.xcassets */,
				01A829E722438F0D00D89105 /* LaunchScreen.storyboard */,
				01A829EA22438F0D00D89105 /* Info.plist */,
				01A82A0C2243964300D89105 /* DesignableView.swift */,
				01A52EE72245057E002982CF /* MainScreenController.swift */,
			);
			path = Elvis;
			sourceTree = "<group>";
		};
		01A829F222438F0D00D89105 /* ElvisTests */ = {
			isa = PBXGroup;
			children = (
				01A829F322438F0D00D89105 /* ElvisTests.swift */,
				01A829F522438F0D00D89105 /* Info.plist */,
			);
			path = ElvisTests;
			sourceTree = "<group>";
		};
		01A829FD22438F0D00D89105 /* ElvisUITests */ = {
			isa = PBXGroup;
			children = (
				01A829FE22438F0D00D89105 /* ElvisUITests.swift */,
				01A82A0022438F0D00D89105 /* Info.plist */,
			);
			path = ElvisUITests;
			sourceTree = "<group>";
		};
/* End PBXGroup section */

/* Begin PBXNativeTarget section */
		01A829DA22438F0B00D89105 /* Elvis */ = {
			isa = PBXNativeTarget;
			buildConfigurationList = 01A82A0322438F0D00D89105 /* Build configuration list for PBXNativeTarget "Elvis" */;
			buildPhases = (
				01A829D722438F0B00D89105 /* Sources */,
				01A829D822438F0B00D89105 /* Frameworks */,
				01A829D922438F0B00D89105 /* Resources */,
			);
			buildRules = (
			);
			dependencies = (
			);
			name = Elvis;
			productName = Elvis;
			productReference = 01A829DB22438F0B00D89105 /* Elvis.app */;
			productType = "com.apple.product-type.application";
		};
		01A829EE22438F0D00D89105 /* ElvisTests */ = {
			isa = PBXNativeTarget;
			buildConfigurationList = 01A82A0622438F0D00D89105 /* Build configuration list for PBXNativeTarget "ElvisTests" */;
			buildPhases = (
				01A829EB22438F0D00D89105 /* Sources */,
				01A829EC22438F0D00D89105 /* Frameworks */,
				01A829ED22438F0D00D89105 /* Resources */,
			);
			buildRules = (
			);
			dependencies = (
				01A829F122438F0D00D89105 /* PBXTargetDependency */,
			);
			name = ElvisTests;
			productName = ElvisTests;
			productReference = 01A829EF22438F0D00D89105 /* ElvisTests.xctest */;
			productType = "com.apple.product-type.bundle.unit-test";
		};
		01A829F922438F0D00D89105 /* ElvisUITests */ = {
			isa = PBXNativeTarget;
			buildConfigurationList = 01A82A0922438F0D00D89105 /* Build configuration list for PBXNativeTarget "ElvisUITests" */;
			buildPhases = (
				01A829F622438F0D00D89105 /* Sources */,
				01A829F722438F0D00D89105 /* Frameworks */,
				01A829F822438F0D00D89105 /* Resources */,
			);
			buildRules = (
			);
			dependencies = (
				01A829FC22438F0D00D89105 /* PBXTargetDependency */,
			);
			name = ElvisUITests;
			productName = ElvisUITests;
			productReference = 01A829FA22438F0D00D89105 /* ElvisUITests.xctest */;
			productType = "com.apple.product-type.bundle.ui-testing";
		};
/* End PBXNativeTarget section */

/* Begin PBXProject section */
		01A829D322438F0B00D89105 /* Project object */ = {
			isa = PBXProject;
			attributes = {
				LastSwiftUpdateCheck = 1010;
				LastUpgradeCheck = 1010;
				ORGANIZATIONNAME = "RM-Elvis";
				TargetAttributes = {
					01A829DA22438F0B00D89105 = {
						CreatedOnToolsVersion = 10.1;
					};
					01A829EE22438F0D00D89105 = {
						CreatedOnToolsVersion = 10.1;
						TestTargetID = 01A829DA22438F0B00D89105;
					};
					01A829F922438F0D00D89105 = {
						CreatedOnToolsVersion = 10.1;
						TestTargetID = 01A829DA22438F0B00D89105;
					};
				};
			};
			buildConfigurationList = 01A829D622438F0B00D89105 /* Build configuration list for PBXProject "Elvis" */;
			compatibilityVersion = "Xcode 9.3";
			developmentRegion = en;
			hasScannedForEncodings = 0;
			knownRegions = (
				en,
				Base,
			);
			mainGroup = 01A829D222438F0B00D89105;
			productRefGroup = 01A829DC22438F0B00D89105 /* Products */;
			projectDirPath = "";
			projectRoot = "";
			targets = (
				01A829DA22438F0B00D89105 /* Elvis */,
				01A829EE22438F0D00D89105 /* ElvisTests */,
				01A829F922438F0D00D89105 /* ElvisUITests */,
			);
		};
/* End PBXProject section */

/* Begin PBXResourcesBuildPhase section */
		01A829D922438F0B00D89105 /* Resources */ = {
			isa = PBXResourcesBuildPhase;
			buildActionMask = 2147483647;
			files = (
				01A829E922438F0D00D89105 /* LaunchScreen.storyboard in Resources */,
				01A829E622438F0D00D89105 /* Assets.xcassets in Resources */,
				01A829E422438F0B00D89105 /* Main.storyboard in Resources */,
			);
			runOnlyForDeploymentPostprocessing = 0;
		};
		01A829ED22438F0D00D89105 /* Resources */ = {
			isa = PBXResourcesBuildPhase;
			buildActionMask = 2147483647;
			files = (
			);
			runOnlyForDeploymentPostprocessing = 0;
		};
		01A829F822438F0D00D89105 /* Resources */ = {
			isa = PBXResourcesBuildPhase;
			buildActionMask = 2147483647;
			files = (
			);
			runOnlyForDeploymentPostprocessing = 0;
		};
/* End PBXResourcesBuildPhase section */

/* Begin PBXSourcesBuildPhase section */
		01A829D722438F0B00D89105 /* Sources */ = {
			isa = PBXSourcesBuildPhase;
			buildActionMask = 2147483647;
			files = (
				01A829E122438F0B00D89105 /* ViewController.swift in Sources */,
				01A829DF22438F0B00D89105 /* AppDelegate.swift in Sources */,
				01A52EE82245057E002982CF /* MainScreenController.swift in Sources */,
				01A82A0D2243964300D89105 /* DesignableView.swift in Sources */,
			);
			runOnlyForDeploymentPostprocessing = 0;
		};
		01A829EB22438F0D00D89105 /* Sources */ = {
			isa = PBXSourcesBuildPhase;
			buildActionMask = 2147483647;
			files = (
				01A829F422438F0D00D89105 /* ElvisTests.swift in Sources */,
			);
			runOnlyForDeploymentPostprocessing = 0;
		};
		01A829F622438F0D00D89105 /* Sources */ = {
			isa = PBXSourcesBuildPhase;
			buildActionMask = 2147483647;
			files = (
				01A829FF22438F0D00D89105 /* ElvisUITests.swift in Sources */,
			);
			runOnlyForDeploymentPostprocessing = 0;
		};
/* End PBXSourcesBuildPhase section */

/* Begin PBXTargetDependency section */
		01A829F122438F0D00D89105 /* PBXTargetDependency */ = {
			isa = PBXTargetDependency;
			target = 01A829DA22438F0B00D89105 /* Elvis */;
			targetProxy = 01A829F022438F0D00D89105 /* PBXContainerItemProxy */;
		};
		01A829FC22438F0D00D89105 /* PBXTargetDependency */ = {
			isa = PBXTargetDependency;
			target = 01A829DA22438F0B00D89105 /* Elvis */;
			targetProxy = 01A829FB22438F0D00D89105 /* PBXContainerItemProxy */;
		};
/* End PBXTargetDependency section */

/* Begin PBXVariantGroup section */
		01A829E222438F0B00D89105 /* Main.storyboard */ = {
			isa = PBXVariantGroup;
			children = (
				01A829E322438F0B00D89105 /* Base */,
			);
			name = Main.storyboard;
			sourceTree = "<group>";
		};
		01A829E722438F0D00D89105 /* LaunchScreen.storyboard */ = {
			isa = PBXVariantGroup;
			children = (
				01A829E822438F0D00D89105 /* Base */,
			);
			name = LaunchScreen.storyboard;
			sourceTree = "<group>";
		};
/* End PBXVariantGroup section */

/* Begin XCBuildConfiguration section */
		01A82A0122438F0D00D89105 /* Debug */ = {
			isa = XCBuildConfiguration;
			buildSettings = {
				ALWAYS_SEARCH_USER_PATHS = NO;
				CLANG_ANALYZER_NONNULL = YES;
				CLANG_ANALYZER_NUMBER_OBJECT_CONVERSION = YES_AGGRESSIVE;
				CLANG_CXX_LANGUAGE_STANDARD = "gnu++14";
				CLANG_CXX_LIBRARY = "libc++";
				CLANG_ENABLE_MODULES = YES;
				CLANG_ENABLE_OBJC_ARC = YES;
				CLANG_ENABLE_OBJC_WEAK = YES;
				CLANG_WARN_BLOCK_CAPTURE_AUTORELEASING = YES;
				CLANG_WARN_BOOL_CONVERSION = YES;
				CLANG_WARN_COMMA = YES;
				CLANG_WARN_CONSTANT_CONVERSION = YES;
				CLANG_WARN_DEPRECATED_OBJC_IMPLEMENTATIONS = YES;
				CLANG_WARN_DIRECT_OBJC_ISA_USAGE = YES_ERROR;
				CLANG_WARN_DOCUMENTATION_COMMENTS = YES;
				CLANG_WARN_EMPTY_BODY = YES;
				CLANG_WARN_ENUM_CONVERSION = YES;
				CLANG_WARN_INFINITE_RECURSION = YES;
				CLANG_WARN_INT_CONVERSION = YES;
				CLANG_WARN_NON_LITERAL_NULL_CONVERSION = YES;
				CLANG_WARN_OBJC_IMPLICIT_RETAIN_SELF = YES;
				CLANG_WARN_OBJC_LITERAL_CONVERSION = YES;
				CLANG_WARN_OBJC_ROOT_CLASS = YES_ERROR;
				CLANG_WARN_RANGE_LOOP_ANALYSIS = YES;
				CLANG_WARN_STRICT_PROTOTYPES = YES;
				CLANG_WARN_SUSPICIOUS_MOVE = YES;
				CLANG_WARN_UNGUARDED_AVAILABILITY = YES_AGGRESSIVE;
				CLANG_WARN_UNREACHABLE_CODE = YES;
				CLANG_WARN__DUPLICATE_METHOD_MATCH = YES;
				CODE_SIGN_IDENTITY = "iPhone Developer";
				COPY_PHASE_STRIP = NO;
				DEBUG_INFORMATION_FORMAT = dwarf;
				ENABLE_STRICT_OBJC_MSGSEND = YES;
				ENABLE_TESTABILITY = YES;
				GCC_C_LANGUAGE_STANDARD = gnu11;
				GCC_DYNAMIC_NO_PIC = NO;
				GCC_NO_COMMON_BLOCKS = YES;
				GCC_OPTIMIZATION_LEVEL = 0;
				GCC_PREPROCESSOR_DEFINITIONS = (
					"DEBUG=1",
					"$(inherited)",
				);
				GCC_WARN_64_TO_32_BIT_CONVERSION = YES;
				GCC_WARN_ABOUT_RETURN_TYPE = YES_ERROR;
				GCC_WARN_UNDECLARED_SELECTOR = YES;
				GCC_WARN_UNINITIALIZED_AUTOS = YES_AGGRESSIVE;
				GCC_WARN_UNUSED_FUNCTION = YES;
				GCC_WARN_UNUSED_VARIABLE = YES;
				IPHONEOS_DEPLOYMENT_TARGET = 12.1;
				MTL_ENABLE_DEBUG_INFO = INCLUDE_SOURCE;
				MTL_FAST_MATH = YES;
				ONLY_ACTIVE_ARCH = YES;
				SDKROOT = iphoneos;
				SWIFT_ACTIVE_COMPILATION_CONDITIONS = DEBUG;
				SWIFT_OPTIMIZATION_LEVEL = "-Onone";
			};
			name = Debug;
		};
		01A82A0222438F0D00D89105 /* Release */ = {
			isa = XCBuildConfiguration;
			buildSettings = {
				ALWAYS_SEARCH_USER_PATHS = NO;
				CLANG_ANALYZER_NONNULL = YES;
				CLANG_ANALYZER_NUMBER_OBJECT_CONVERSION = YES_AGGRESSIVE;
				CLANG_CXX_LANGUAGE_STANDARD = "gnu++14";
				CLANG_CXX_LIBRARY = "libc++";
				CLANG_ENABLE_MODULES = YES;
				CLANG_ENABLE_OBJC_ARC = YES;
				CLANG_ENABLE_OBJC_WEAK = YES;
				CLANG_WARN_BLOCK_CAPTURE_AUTORELEASING = YES;
				CLANG_WARN_BOOL_CONVERSION = YES;
				CLANG_WARN_COMMA = YES;
				CLANG_WARN_CONSTANT_CONVERSION = YES;
				CLANG_WARN_DEPRECATED_OBJC_IMPLEMENTATIONS = YES;
				CLANG_WARN_DIRECT_OBJC_ISA_USAGE = YES_ERROR;
				CLANG_WARN_DOCUMENTATION_COMMENTS = YES;
				CLANG_WARN_EMPTY_BODY = YES;
				CLANG_WARN_ENUM_CONVERSION = YES;
				CLANG_WARN_INFINITE_RECURSION = YES;
				CLANG_WARN_INT_CONVERSION = YES;
				CLANG_WARN_NON_LITERAL_NULL_CONVERSION = YES;
				CLANG_WARN_OBJC_IMPLICIT_RETAIN_SELF = YES;
				CLANG_WARN_OBJC_LITERAL_CONVERSION = YES;
				CLANG_WARN_OBJC_ROOT_CLASS = YES_ERROR;
				CLANG_WARN_RANGE_LOOP_ANALYSIS = YES;
				CLANG_WARN_STRICT_PROTOTYPES = YES;
				CLANG_WARN_SUSPICIOUS_MOVE = YES;
				CLANG_WARN_UNGUARDED_AVAILABILITY = YES_AGGRESSIVE;
				CLANG_WARN_UNREACHABLE_CODE = YES;
				CLANG_WARN__DUPLICATE_METHOD_MATCH = YES;
				CODE_SIGN_IDENTITY = "iPhone Developer";
				COPY_PHASE_STRIP = NO;
				DEBUG_INFORMATION_FORMAT = "dwarf-with-dsym";
				ENABLE_NS_ASSERTIONS = NO;
				ENABLE_STRICT_OBJC_MSGSEND = YES;
				GCC_C_LANGUAGE_STANDARD = gnu11;
				GCC_NO_COMMON_BLOCKS = YES;
				GCC_WARN_64_TO_32_BIT_CONVERSION = YES;
				GCC_WARN_ABOUT_RETURN_TYPE = YES_ERROR;
				GCC_WARN_UNDECLARED_SELECTOR = YES;
				GCC_WARN_UNINITIALIZED_AUTOS = YES_AGGRESSIVE;
				GCC_WARN_UNUSED_FUNCTION = YES;
				GCC_WARN_UNUSED_VARIABLE = YES;
				IPHONEOS_DEPLOYMENT_TARGET = 12.1;
				MTL_ENABLE_DEBUG_INFO = NO;
				MTL_FAST_MATH = YES;
				SDKROOT = iphoneos;
				SWIFT_COMPILATION_MODE = wholemodule;
				SWIFT_OPTIMIZATION_LEVEL = "-O";
				VALIDATE_PRODUCT = YES;
			};
			name = Release;
		};
		01A82A0422438F0D00D89105 /* Debug */ = {
			isa = XCBuildConfiguration;
			buildSettings = {
				ASSETCATALOG_COMPILER_APPICON_NAME = AppIcon;
				CODE_SIGN_STYLE = Automatic;
				DEVELOPMENT_TEAM = D7UX7MJHAH;
				INFOPLIST_FILE = Elvis/Info.plist;
				LD_RUNPATH_SEARCH_PATHS = (
					"$(inherited)",
					"@executable_path/Frameworks",
				);
				PRODUCT_BUNDLE_IDENTIFIER = rm.deaf.elvis.Elvis;
				PRODUCT_NAME = "$(TARGET_NAME)";
				SWIFT_VERSION = 4.2;
				TARGETED_DEVICE_FAMILY = "1,2";
			};
			name = Debug;
		};
		01A82A0522438F0D00D89105 /* Release */ = {
			isa = XCBuildConfiguration;
			buildSettings = {
				ASSETCATALOG_COMPILER_APPICON_NAME = AppIcon;
				CODE_SIGN_STYLE = Automatic;
				DEVELOPMENT_TEAM = D7UX7MJHAH;
				INFOPLIST_FILE = Elvis/Info.plist;
				LD_RUNPATH_SEARCH_PATHS = (
					"$(inherited)",
					"@executable_path/Frameworks",
				);
				PRODUCT_BUNDLE_IDENTIFIER = rm.deaf.elvis.Elvis;
				PRODUCT_NAME = "$(TARGET_NAME)";
				SWIFT_VERSION = 4.2;
				TARGETED_DEVICE_FAMILY = "1,2";
			};
			name = Release;
		};
		01A82A0722438F0D00D89105 /* Debug */ = {
			isa = XCBuildConfiguration;
			buildSettings = {
				ALWAYS_EMBED_SWIFT_STANDARD_LIBRARIES = YES;
				BUNDLE_LOADER = "$(TEST_HOST)";
				CODE_SIGN_STYLE = Automatic;
				DEVELOPMENT_TEAM = D7UX7MJHAH;
				INFOPLIST_FILE = ElvisTests/Info.plist;
				LD_RUNPATH_SEARCH_PATHS = (
					"$(inherited)",
					"@executable_path/Frameworks",
					"@loader_path/Frameworks",
				);
				PRODUCT_BUNDLE_IDENTIFIER = rm.deaf.elvis.ElvisTests;
				PRODUCT_NAME = "$(TARGET_NAME)";
				SWIFT_VERSION = 4.2;
				TARGETED_DEVICE_FAMILY = "1,2";
				TEST_HOST = "$(BUILT_PRODUCTS_DIR)/Elvis.app/Elvis";
			};
			name = Debug;
		};
		01A82A0822438F0D00D89105 /* Release */ = {
			isa = XCBuildConfiguration;
			buildSettings = {
				ALWAYS_EMBED_SWIFT_STANDARD_LIBRARIES = YES;
				BUNDLE_LOADER = "$(TEST_HOST)";
				CODE_SIGN_STYLE = Automatic;
				DEVELOPMENT_TEAM = D7UX7MJHAH;
				INFOPLIST_FILE = ElvisTests/Info.plist;
				LD_RUNPATH_SEARCH_PATHS = (
					"$(inherited)",
					"@executable_path/Frameworks",
					"@loader_path/Frameworks",
				);
				PRODUCT_BUNDLE_IDENTIFIER = rm.deaf.elvis.ElvisTests;
				PRODUCT_NAME = "$(TARGET_NAME)";
				SWIFT_VERSION = 4.2;
				TARGETED_DEVICE_FAMILY = "1,2";
				TEST_HOST = "$(BUILT_PRODUCTS_DIR)/Elvis.app/Elvis";
			};
			name = Release;
		};
		01A82A0A22438F0D00D89105 /* Debug */ = {
			isa = XCBuildConfiguration;
			buildSettings = {
				ALWAYS_EMBED_SWIFT_STANDARD_LIBRARIES = YES;
				CODE_SIGN_STYLE = Automatic;
				DEVELOPMENT_TEAM = D7UX7MJHAH;
				INFOPLIST_FILE = ElvisUITests/Info.plist;
				LD_RUNPATH_SEARCH_PATHS = (
					"$(inherited)",
					"@executable_path/Frameworks",
					"@loader_path/Frameworks",
				);
				PRODUCT_BUNDLE_IDENTIFIER = rm.deaf.elvis.ElvisUITests;
				PRODUCT_NAME = "$(TARGET_NAME)";
				SWIFT_VERSION = 4.2;
				TARGETED_DEVICE_FAMILY = "1,2";
				TEST_TARGET_NAME = Elvis;
			};
			name = Debug;
		};
		01A82A0B22438F0D00D89105 /* Release */ = {
			isa = XCBuildConfiguration;
			buildSettings = {
				ALWAYS_EMBED_SWIFT_STANDARD_LIBRARIES = YES;
				CODE_SIGN_STYLE = Automatic;
				DEVELOPMENT_TEAM = D7UX7MJHAH;
				INFOPLIST_FILE = ElvisUITests/Info.plist;
				LD_RUNPATH_SEARCH_PATHS = (
					"$(inherited)",
					"@executable_path/Frameworks",
					"@loader_path/Frameworks",
				);
				PRODUCT_BUNDLE_IDENTIFIER = rm.deaf.elvis.ElvisUITests;
				PRODUCT_NAME = "$(TARGET_NAME)";
				SWIFT_VERSION = 4.2;
				TARGETED_DEVICE_FAMILY = "1,2";
				TEST_TARGET_NAME = Elvis;
			};
			name = Release;
		};
/* End XCBuildConfiguration section */

/* Begin XCConfigurationList section */
		01A829D622438F0B00D89105 /* Build configuration list for PBXProject "Elvis" */ = {
			isa = XCConfigurationList;
			buildConfigurations = (
				01A82A0122438F0D00D89105 /* Debug */,
				01A82A0222438F0D00D89105 /* Release */,
			);
			defaultConfigurationIsVisible = 0;
			defaultConfigurationName = Release;
		};
		01A82A0322438F0D00D89105 /* Build configuration list for PBXNativeTarget "Elvis" */ = {
			isa = XCConfigurationList;
			buildConfigurations = (
				01A82A0422438F0D00D89105 /* Debug */,
				01A82A0522438F0D00D89105 /* Release */,
			);
			defaultConfigurationIsVisible = 0;
			defaultConfigurationName = Release;
		};
		01A82A0622438F0D00D89105 /* Build configuration list for PBXNativeTarget "ElvisTests" */ = {
			isa = XCConfigurationList;
			buildConfigurations = (
				01A82A0722438F0D00D89105 /* Debug */,
				01A82A0822438F0D00D89105 /* Release */,
			);
			defaultConfigurationIsVisible = 0;
			defaultConfigurationName = Release;
		};
		01A82A0922438F0D00D89105 /* Build configuration list for PBXNativeTarget "ElvisUITests" */ = {
			isa = XCConfigurationList;
			buildConfigurations = (
				01A82A0A22438F0D00D89105 /* Debug */,
				01A82A0B22438F0D00D89105 /* Release */,
			);
			defaultConfigurationIsVisible = 0;
			defaultConfigurationName = Release;
		};
/* End XCConfigurationList section */
	};
	rootObject = 01A829D322438F0B00D89105 /* Project object */;
}
